
Microsoft Visual Studio Solution File, Format Version 12.00
# Visual Studio Version 17
VisualStudioVersion = 17.9.34622.214
MinimumVisualStudioVersion = 10.0.40219.1
Project("{FAE04EC0-301F-11D3-BF4B-00C04F79EFBC}") = "ASP_API_MNGR", "ASP_API_MNGR\ASP_API_MNGR.csproj", "{310B30EC-A1B1-43D3-8679-4AA87D939ADE}"
EndProject
Global
	GlobalSection(SolutionConfigurationPlatforms) = preSolution
		Debug|Any CPU = Debug|Any CPU
		Release|Any CPU = Release|Any CPU
	EndGlobalSection
	GlobalSection(ProjectConfigurationPlatforms) = postSolution
		{310B30EC-A1B1-43D3-8679-4AA87D939ADE}.Debug|Any CPU.ActiveCfg = Debug|Any CPU
		{310B30EC-A1B1-43D3-8679-4AA87D939ADE}.Debug|Any CPU.Build.0 = Debug|Any CPU
		{310B30EC-A1B1-43D3-8679-4AA87D939ADE}.Release|Any CPU.ActiveCfg = Release|Any CPU
		{310B30EC-A1B1-43D3-8679-4AA87D939ADE}.Release|Any CPU.Build.0 = Release|Any CPU
	EndGlobalSection
	GlobalSection(SolutionProperties) = preSolution
		HideSolutionNode = FALSE
	EndGlobalSection
	GlobalSection(ExtensibilityGlobals) = postSolution
		SolutionGuid = {1482C961-22BD-44F7-B9B7-8AF39994FD8F}
	EndGlobalSection
EndGlobal
